
Microsoft Visual Studio Solution File, Format Version 12.00
# Visual Studio Version 16
VisualStudioVersion = 16.0.30907.101
MinimumVisualStudioVersion = 10.0.40219.1
Project("{FAE04EC0-301F-11D3-BF4B-00C04F79EFBC}") = "Services.api.bookshop", "Services.api.bookshop\Services.api.bookshop.csproj", "{DA523951-7235-426F-A1B5-70BA55E838FE}"
EndProject
Global
	GlobalSection(SolutionConfigurationPlatforms) = preSolution
		Debug|Any CPU = Debug|Any CPU
		Release|Any CPU = Release|Any CPU
	EndGlobalSection
	GlobalSection(ProjectConfigurationPlatforms) = postSolution
		{DA523951-7235-426F-A1B5-70BA55E838FE}.Debug|Any CPU.ActiveCfg = Debug|Any CPU
		{DA523951-7235-426F-A1B5-70BA55E838FE}.Debug|Any CPU.Build.0 = Debug|Any CPU
		{DA523951-7235-426F-A1B5-70BA55E838FE}.Release|Any CPU.ActiveCfg = Release|Any CPU
		{DA523951-7235-426F-A1B5-70BA55E838FE}.Release|Any CPU.Build.0 = Release|Any CPU
	EndGlobalSection
	GlobalSection(SolutionProperties) = preSolution
		HideSolutionNode = FALSE
	EndGlobalSection
	GlobalSection(ExtensibilityGlobals) = postSolution
		SolutionGuid = {0C656F2E-432D-44B7-8FCB-B3FE2742ACB1}
	EndGlobalSection
EndGlobal
